// !$*UTF8*$!
{
	archiveVersion = 1;
	classes = {
	};
	objectVersion = 46;
	objects = {

/* Begin PBXBuildFile section */
		1F1AB29B1E666D9F00171458 /* AppDelegate.swift in Sources */ = {isa = PBXBuildFile; fileRef = 1F1AB29A1E666D9F00171458 /* AppDelegate.swift */; };
		1F1AB29D1E666D9F00171458 /* Assets.xcassets in Resources */ = {isa = PBXBuildFile; fileRef = 1F1AB29C1E666D9F00171458 /* Assets.xcassets */; };
		1F2396D320B5065E00618BB8 /* MainMenu.swift in Sources */ = {isa = PBXBuildFile; fileRef = 1F2396D220B5065E00618BB8 /* MainMenu.swift */; };
		1F338EBF1E696A1D004A3265 /* Localizable.strings in Resources */ = {isa = PBXBuildFile; fileRef = 1F338EC11E696A1D004A3265 /* Localizable.strings */; };
		1FA54A9A20B2BAB5005B2515 /* Helper.swift in Sources */ = {isa = PBXBuildFile; fileRef = 1FA54A9920B2BAB5005B2515 /* Helper.swift */; };
		1FA54AA420B2BD52005B2515 /* Network.swift in Sources */ = {isa = PBXBuildFile; fileRef = 1FA54AA320B2BD52005B2515 /* Network.swift */; };
		980E5FA62378359900EEF756 /* Foundation+Extension.swift in Sources */ = {isa = PBXBuildFile; fileRef = 980E5FA52378359900EEF756 /* Foundation+Extension.swift */; };
		982DA17825636C6E008173F8 /* DownloadPanel.swift in Sources */ = {isa = PBXBuildFile; fileRef = 982DA17725636C6E008173F8 /* DownloadPanel.swift */; };
		982DA17D25636FFB008173F8 /* MainMenu.xib in Resources */ = {isa = PBXBuildFile; fileRef = 982DA17F25636FFB008173F8 /* MainMenu.xib */; };
		982DA1852563A396008173F8 /* SettingsPanel.xib in Resources */ = {isa = PBXBuildFile; fileRef = 982DA1872563A396008173F8 /* SettingsPanel.xib */; };
		982DA1932563A712008173F8 /* DownloadPanel.xib in Resources */ = {isa = PBXBuildFile; fileRef = 982DA1952563A712008173F8 /* DownloadPanel.xib */; };
		98A85E0A237CF3D4006DA99F /* Constant.swift in Sources */ = {isa = PBXBuildFile; fileRef = 98A85E09237CF3D4006DA99F /* Constant.swift */; };
		98A85E0C237CFD72006DA99F /* AppDelegate+Extension.swift in Sources */ = {isa = PBXBuildFile; fileRef = 98A85E0B237CFD72006DA99F /* AppDelegate+Extension.swift */; };
		98D9FA6723BAE523008DD433 /* SettingsPanel.swift in Sources */ = {isa = PBXBuildFile; fileRef = 98D9FA6623BAE523008DD433 /* SettingsPanel.swift */; };
		98D9FA6B23BAE6AD008DD433 /* AppKit+Extension.swift in Sources */ = {isa = PBXBuildFile; fileRef = 98D9FA6A23BAE6AD008DD433 /* AppKit+Extension.swift */; };
		98D9FA6D23BB3493008DD433 /* Hosts.swift in Sources */ = {isa = PBXBuildFile; fileRef = 98D9FA6C23BB3493008DD433 /* Hosts.swift */; };
		C437A074FFC4A0B0A6CC1937 /* Pods_HostsToolForMac.framework in Frameworks */ = {isa = PBXBuildFile; fileRef = 23456CEF06BD9B7F2246B07E /* Pods_HostsToolForMac.framework */; };
/* End PBXBuildFile section */

/* Begin PBXCopyFilesBuildPhase section */
		1F1D38BA2144FB4300BCA38A /* CopyFiles */ = {
			isa = PBXCopyFilesBuildPhase;
			buildActionMask = 2147483647;
			dstPath = "";
			dstSubfolderSpec = 10;
			files = (
			);
			runOnlyForDeploymentPostprocessing = 0;
		};
/* End PBXCopyFilesBuildPhase section */

/* Begin PBXFileReference section */
		0B523D9EBF2E1DFF49704BB3 /* Pods-HostsToolForMac.release.xcconfig */ = {isa = PBXFileReference; includeInIndex = 1; lastKnownFileType = text.xcconfig; name = "Pods-HostsToolForMac.release.xcconfig"; path = "Target Support Files/Pods-HostsToolForMac/Pods-HostsToolForMac.release.xcconfig"; sourceTree = "<group>"; };
		1F1AB29A1E666D9F00171458 /* AppDelegate.swift */ = {isa = PBXFileReference; lastKnownFileType = sourcecode.swift; path = AppDelegate.swift; sourceTree = "<group>"; };
		1F1AB29C1E666D9F00171458 /* Assets.xcassets */ = {isa = PBXFileReference; lastKnownFileType = folder.assetcatalog; path = Assets.xcassets; sourceTree = "<group>"; };
		1F1AB2A11E666DA000171458 /* Info.plist */ = {isa = PBXFileReference; lastKnownFileType = text.plist.xml; path = Info.plist; sourceTree = "<group>"; };
		1F2396D220B5065E00618BB8 /* MainMenu.swift */ = {isa = PBXFileReference; lastKnownFileType = sourcecode.swift; path = MainMenu.swift; sourceTree = "<group>"; };
		1F338EC21E696A1F004A3265 /* en */ = {isa = PBXFileReference; lastKnownFileType = text.plist.strings; name = en; path = en.lproj/Localizable.strings; sourceTree = "<group>"; };
		1F338EC31E696A20004A3265 /* zh-Hans */ = {isa = PBXFileReference; lastKnownFileType = text.plist.strings; name = "zh-Hans"; path = "zh-Hans.lproj/Localizable.strings"; sourceTree = "<group>"; };
		1FA54A9620B2BA72005B2515 /* HostsToolForMac.app */ = {isa = PBXFileReference; explicitFileType = wrapper.application; includeInIndex = 0; path = HostsToolForMac.app; sourceTree = BUILT_PRODUCTS_DIR; };
		1FA54A9920B2BAB5005B2515 /* Helper.swift */ = {isa = PBXFileReference; lastKnownFileType = sourcecode.swift; path = Helper.swift; sourceTree = "<group>"; };
		1FA54AA320B2BD52005B2515 /* Network.swift */ = {isa = PBXFileReference; lastKnownFileType = sourcecode.swift; path = Network.swift; sourceTree = "<group>"; };
		23456CEF06BD9B7F2246B07E /* Pods_HostsToolForMac.framework */ = {isa = PBXFileReference; explicitFileType = wrapper.framework; includeInIndex = 0; path = Pods_HostsToolForMac.framework; sourceTree = BUILT_PRODUCTS_DIR; };
		980E5FA52378359900EEF756 /* Foundation+Extension.swift */ = {isa = PBXFileReference; lastKnownFileType = sourcecode.swift; path = "Foundation+Extension.swift"; sourceTree = "<group>"; };
		982DA17725636C6E008173F8 /* DownloadPanel.swift */ = {isa = PBXFileReference; lastKnownFileType = sourcecode.swift; path = DownloadPanel.swift; sourceTree = "<group>"; };
		982DA1832563703B008173F8 /* zh-Hans */ = {isa = PBXFileReference; lastKnownFileType = file.xib; name = "zh-Hans"; path = "zh-Hans.lproj/MainMenu.xib"; sourceTree = "<group>"; };
		982DA18425637048008173F8 /* en */ = {isa = PBXFileReference; lastKnownFileType = file.xib; name = en; path = en.lproj/MainMenu.xib; sourceTree = "<group>"; };
		982DA1862563A396008173F8 /* en */ = {isa = PBXFileReference; lastKnownFileType = file.xib; name = en; path = en.lproj/SettingsPanel.xib; sourceTree = "<group>"; };
		982DA18A2563A3A0008173F8 /* zh-Hans */ = {isa = PBXFileReference; lastKnownFileType = file.xib; name = "zh-Hans"; path = "zh-Hans.lproj/SettingsPanel.xib"; sourceTree = "<group>"; };
		982DA19A2563A71E008173F8 /* en */ = {isa = PBXFileReference; lastKnownFileType = file.xib; name = en; path = en.lproj/DownloadPanel.xib; sourceTree = "<group>"; };
		982DA19E2563B7E6008173F8 /* zh-Hans */ = {isa = PBXFileReference; lastKnownFileType = file.xib; name = "zh-Hans"; path = "zh-Hans.lproj/DownloadPanel.xib"; sourceTree = "<group>"; };
		986A75BE23B7763000815C9D /* HostsToolForMac.entitlements */ = {isa = PBXFileReference; lastKnownFileType = text.plist.entitlements; path = HostsToolForMac.entitlements; sourceTree = "<group>"; };
		98A85E09237CF3D4006DA99F /* Constant.swift */ = {isa = PBXFileReference; lastKnownFileType = sourcecode.swift; path = Constant.swift; sourceTree = "<group>"; };
		98A85E0B237CFD72006DA99F /* AppDelegate+Extension.swift */ = {isa = PBXFileReference; lastKnownFileType = sourcecode.swift; path = "AppDelegate+Extension.swift"; sourceTree = "<group>"; };
		98D9FA6623BAE523008DD433 /* SettingsPanel.swift */ = {isa = PBXFileReference; lastKnownFileType = sourcecode.swift; path = SettingsPanel.swift; sourceTree = "<group>"; };
		98D9FA6A23BAE6AD008DD433 /* AppKit+Extension.swift */ = {isa = PBXFileReference; lastKnownFileType = sourcecode.swift; path = "AppKit+Extension.swift"; sourceTree = "<group>"; };
		98D9FA6C23BB3493008DD433 /* Hosts.swift */ = {isa = PBXFileReference; lastKnownFileType = sourcecode.swift; path = Hosts.swift; sourceTree = "<group>"; };
		F9C9A81E32EF5EDE9CF0BDEB /* Pods-HostsToolForMac.debug.xcconfig */ = {isa = PBXFileReference; includeInIndex = 1; lastKnownFileType = text.xcconfig; name = "Pods-HostsToolForMac.debug.xcconfig"; path = "Target Support Files/Pods-HostsToolForMac/Pods-HostsToolForMac.debug.xcconfig"; sourceTree = "<group>"; };
/* End PBXFileReference section */

/* Begin PBXFrameworksBuildPhase section */
		1F1AB2941E666D9F00171458 /* Frameworks */ = {
			isa = PBXFrameworksBuildPhase;
			buildActionMask = 2147483647;
			files = (
				C437A074FFC4A0B0A6CC1937 /* Pods_HostsToolForMac.framework in Frameworks */,
			);
			runOnlyForDeploymentPostprocessing = 0;
		};
/* End PBXFrameworksBuildPhase section */

/* Begin PBXGroup section */
		1C8C76E1E2F19A023C7DB35B /* Frameworks */ = {
			isa = PBXGroup;
			children = (
				23456CEF06BD9B7F2246B07E /* Pods_HostsToolForMac.framework */,
			);
			name = Frameworks;
			sourceTree = "<group>";
		};
		1F1AB28E1E666D9F00171458 = {
			isa = PBXGroup;
			children = (
				1F1AB2991E666D9F00171458 /* HostsToolForMac */,
				1FA54A9620B2BA72005B2515 /* HostsToolForMac.app */,
				E9D04197FA631EA1ACA4BEE2 /* Pods */,
				1C8C76E1E2F19A023C7DB35B /* Frameworks */,
			);
			sourceTree = "<group>";
		};
		1F1AB2991E666D9F00171458 /* HostsToolForMac */ = {
			isa = PBXGroup;
			children = (
				986A75BE23B7763000815C9D /* HostsToolForMac.entitlements */,
				980E5FA42378358800EEF756 /* Extension */,
				1FA54AAB20B417F0005B2515 /* View */,
				1FA54AA520B2CF25005B2515 /* Model */,
				1FA54A9820B2BA92005B2515 /* Utils */,
				1F1AB29A1E666D9F00171458 /* AppDelegate.swift */,
				98A85E0B237CFD72006DA99F /* AppDelegate+Extension.swift */,
				1F338EC11E696A1D004A3265 /* Localizable.strings */,
				1F1AB29C1E666D9F00171458 /* Assets.xcassets */,
				1F1AB2A11E666DA000171458 /* Info.plist */,
			);
			path = HostsToolForMac;
			sourceTree = "<group>";
		};
		1FA54A9820B2BA92005B2515 /* Utils */ = {
			isa = PBXGroup;
			children = (
				1FA54A9920B2BAB5005B2515 /* Helper.swift */,
				1FA54AA320B2BD52005B2515 /* Network.swift */,
				98A85E09237CF3D4006DA99F /* Constant.swift */,
			);
			path = Utils;
			sourceTree = "<group>";
		};
		1FA54AA520B2CF25005B2515 /* Model */ = {
			isa = PBXGroup;
			children = (
				98D9FA6C23BB3493008DD433 /* Hosts.swift */,
			);
			path = Model;
			sourceTree = "<group>";
		};
		1FA54AAB20B417F0005B2515 /* View */ = {
			isa = PBXGroup;
			children = (
				1F2396D220B5065E00618BB8 /* MainMenu.swift */,
				98D9FA6623BAE523008DD433 /* SettingsPanel.swift */,
				982DA17725636C6E008173F8 /* DownloadPanel.swift */,
				982DA1952563A712008173F8 /* DownloadPanel.xib */,
				982DA17F25636FFB008173F8 /* MainMenu.xib */,
				982DA1872563A396008173F8 /* SettingsPanel.xib */,
			);
			path = View;
			sourceTree = "<group>";
		};
		980E5FA42378358800EEF756 /* Extension */ = {
			isa = PBXGroup;
			children = (
				980E5FA52378359900EEF756 /* Foundation+Extension.swift */,
				98D9FA6A23BAE6AD008DD433 /* AppKit+Extension.swift */,
			);
			path = Extension;
			sourceTree = "<group>";
		};
		E9D04197FA631EA1ACA4BEE2 /* Pods */ = {
			isa = PBXGroup;
			children = (
				F9C9A81E32EF5EDE9CF0BDEB /* Pods-HostsToolForMac.debug.xcconfig */,
				0B523D9EBF2E1DFF49704BB3 /* Pods-HostsToolForMac.release.xcconfig */,
			);
			path = Pods;
			sourceTree = "<group>";
		};
/* End PBXGroup section */

/* Begin PBXNativeTarget section */
		1F1AB2961E666D9F00171458 /* HostsToolForMac */ = {
			isa = PBXNativeTarget;
			buildConfigurationList = 1F1AB2A41E666DA000171458 /* Build configuration list for PBXNativeTarget "HostsToolForMac" */;
			buildPhases = (
				34FE810BD0DC542E4E98283D /* [CP] Check Pods Manifest.lock */,
				1F1AB2931E666D9F00171458 /* Sources */,
				1F1AB2941E666D9F00171458 /* Frameworks */,
				1F1AB2951E666D9F00171458 /* Resources */,
				1FA54A9B20B2BB6C005B2515 /* ShellScript */,
				1F1D38BA2144FB4300BCA38A /* CopyFiles */,
				AF81ACA4BBE6CA6EB585C4B0 /* [CP] Embed Pods Frameworks */,
			);
			buildRules = (
			);
			dependencies = (
			);
			name = HostsToolForMac;
			productName = HostsToolForMac;
			productReference = 1FA54A9620B2BA72005B2515 /* HostsToolForMac.app */;
			productType = "com.apple.product-type.application";
		};
/* End PBXNativeTarget section */

/* Begin PBXProject section */
		1F1AB28F1E666D9F00171458 /* Project object */ = {
			isa = PBXProject;
			attributes = {
				LastSwiftUpdateCheck = 0820;
				LastUpgradeCheck = 1200;
				ORGANIZATIONNAME = ZzzM;
				TargetAttributes = {
					1F1AB2961E666D9F00171458 = {
						CreatedOnToolsVersion = 8.2.1;
						DevelopmentTeam = 7823BJG877;
						LastSwiftMigration = 1020;
					};
				};
			};
			buildConfigurationList = 1F1AB2921E666D9F00171458 /* Build configuration list for PBXProject "HostsToolForMac" */;
			compatibilityVersion = "Xcode 3.2";
			developmentRegion = en;
			hasScannedForEncodings = 0;
			knownRegions = (
				en,
				Base,
				"zh-Hans",
			);
			mainGroup = 1F1AB28E1E666D9F00171458;
			productRefGroup = 1F1AB28E1E666D9F00171458;
			projectDirPath = "";
			projectRoot = "";
			targets = (
				1F1AB2961E666D9F00171458 /* HostsToolForMac */,
			);
		};
/* End PBXProject section */

/* Begin PBXResourcesBuildPhase section */
		1F1AB2951E666D9F00171458 /* Resources */ = {
			isa = PBXResourcesBuildPhase;
			buildActionMask = 2147483647;
			files = (
				1F1AB29D1E666D9F00171458 /* Assets.xcassets in Resources */,
				982DA17D25636FFB008173F8 /* MainMenu.xib in Resources */,
				982DA1852563A396008173F8 /* SettingsPanel.xib in Resources */,
				1F338EBF1E696A1D004A3265 /* Localizable.strings in Resources */,
				982DA1932563A712008173F8 /* DownloadPanel.xib in Resources */,
			);
			runOnlyForDeploymentPostprocessing = 0;
		};
/* End PBXResourcesBuildPhase section */

/* Begin PBXShellScriptBuildPhase section */
		1FA54A9B20B2BB6C005B2515 /* ShellScript */ = {
			isa = PBXShellScriptBuildPhase;
			buildActionMask = 2147483647;
			files = (
			);
			inputPaths = (
			);
			outputPaths = (
			);
			runOnlyForDeploymentPostprocessing = 0;
			shellPath = /bin/sh;
			shellScript = "/usr/local/bin/carthage copy-frameworks\n";
		};
		34FE810BD0DC542E4E98283D /* [CP] Check Pods Manifest.lock */ = {
			isa = PBXShellScriptBuildPhase;
			buildActionMask = 2147483647;
			files = (
			);
			inputFileListPaths = (
			);
			inputPaths = (
				"${PODS_PODFILE_DIR_PATH}/Podfile.lock",
				"${PODS_ROOT}/Manifest.lock",
			);
			name = "[CP] Check Pods Manifest.lock";
			outputFileListPaths = (
			);
			outputPaths = (
				"$(DERIVED_FILE_DIR)/Pods-HostsToolForMac-checkManifestLockResult.txt",
			);
			runOnlyForDeploymentPostprocessing = 0;
			shellPath = /bin/sh;
			shellScript = "diff \"${PODS_PODFILE_DIR_PATH}/Podfile.lock\" \"${PODS_ROOT}/Manifest.lock\" > /dev/null\nif [ $? != 0 ] ; then\n    # print error to STDERR\n    echo \"error: The sandbox is not in sync with the Podfile.lock. Run 'pod install' or update your CocoaPods installation.\" >&2\n    exit 1\nfi\n# This output is used by Xcode 'outputs' to avoid re-running this script phase.\necho \"SUCCESS\" > \"${SCRIPT_OUTPUT_FILE_0}\"\n";
			showEnvVarsInLog = 0;
		};
		AF81ACA4BBE6CA6EB585C4B0 /* [CP] Embed Pods Frameworks */ = {
			isa = PBXShellScriptBuildPhase;
			buildActionMask = 2147483647;
			files = (
			);
			inputPaths = (
				"${PODS_ROOT}/Target Support Files/Pods-HostsToolForMac/Pods-HostsToolForMac-frameworks.sh",
				"${PODS_ROOT}/Sparkle/Sparkle.framework",
				"${PODS_ROOT}/Sparkle/Sparkle.framework.dSYM",
			);
			name = "[CP] Embed Pods Frameworks";
			outputPaths = (
				"${TARGET_BUILD_DIR}/${FRAMEWORKS_FOLDER_PATH}/Sparkle.framework",
				"${DWARF_DSYM_FOLDER_PATH}/Sparkle.framework.dSYM",
			);
			runOnlyForDeploymentPostprocessing = 0;
			shellPath = /bin/sh;
			shellScript = "\"${PODS_ROOT}/Target Support Files/Pods-HostsToolForMac/Pods-HostsToolForMac-frameworks.sh\"\n";
			showEnvVarsInLog = 0;
		};
/* End PBXShellScriptBuildPhase section */

/* Begin PBXSourcesBuildPhase section */
		1F1AB2931E666D9F00171458 /* Sources */ = {
			isa = PBXSourcesBuildPhase;
			buildActionMask = 2147483647;
			files = (
				98D9FA6B23BAE6AD008DD433 /* AppKit+Extension.swift in Sources */,
				98A85E0A237CF3D4006DA99F /* Constant.swift in Sources */,
				98D9FA6D23BB3493008DD433 /* Hosts.swift in Sources */,
				1F2396D320B5065E00618BB8 /* MainMenu.swift in Sources */,
				98A85E0C237CFD72006DA99F /* AppDelegate+Extension.swift in Sources */,
				98D9FA6723BAE523008DD433 /* SettingsPanel.swift in Sources */,
				1FA54AA420B2BD52005B2515 /* Network.swift in Sources */,
				982DA17825636C6E008173F8 /* DownloadPanel.swift in Sources */,
				1F1AB29B1E666D9F00171458 /* AppDelegate.swift in Sources */,
				1FA54A9A20B2BAB5005B2515 /* Helper.swift in Sources */,
				980E5FA62378359900EEF756 /* Foundation+Extension.swift in Sources */,
			);
			runOnlyForDeploymentPostprocessing = 0;
		};
/* End PBXSourcesBuildPhase section */

/* Begin PBXVariantGroup section */
		1F338EC11E696A1D004A3265 /* Localizable.strings */ = {
			isa = PBXVariantGroup;
			children = (
				1F338EC21E696A1F004A3265 /* en */,
				1F338EC31E696A20004A3265 /* zh-Hans */,
			);
			name = Localizable.strings;
			sourceTree = "<group>";
		};
		982DA17F25636FFB008173F8 /* MainMenu.xib */ = {
			isa = PBXVariantGroup;
			children = (
				982DA1832563703B008173F8 /* zh-Hans */,
				982DA18425637048008173F8 /* en */,
			);
			name = MainMenu.xib;
			sourceTree = "<group>";
		};
		982DA1872563A396008173F8 /* SettingsPanel.xib */ = {
			isa = PBXVariantGroup;
			children = (
				982DA1862563A396008173F8 /* en */,
				982DA18A2563A3A0008173F8 /* zh-Hans */,
			);
			name = SettingsPanel.xib;
			sourceTree = "<group>";
		};
		982DA1952563A712008173F8 /* DownloadPanel.xib */ = {
			isa = PBXVariantGroup;
			children = (
				982DA19A2563A71E008173F8 /* en */,
				982DA19E2563B7E6008173F8 /* zh-Hans */,
			);
			name = DownloadPanel.xib;
			sourceTree = "<group>";
		};
/* End PBXVariantGroup section */

/* Begin XCBuildConfiguration section */
		1F1AB2A21E666DA000171458 /* Debug */ = {
			isa = XCBuildConfiguration;
			buildSettings = {
				ALWAYS_SEARCH_USER_PATHS = NO;
				CLANG_ANALYZER_LOCALIZABILITY_NONLOCALIZED = YES;
				CLANG_ANALYZER_NONNULL = YES;
				CLANG_CXX_LANGUAGE_STANDARD = "gnu++0x";
				CLANG_CXX_LIBRARY = "libc++";
				CLANG_ENABLE_MODULES = YES;
				CLANG_ENABLE_OBJC_ARC = YES;
				CLANG_WARN_BLOCK_CAPTURE_AUTORELEASING = YES;
				CLANG_WARN_BOOL_CONVERSION = YES;
				CLANG_WARN_COMMA = YES;
				CLANG_WARN_CONSTANT_CONVERSION = YES;
				CLANG_WARN_DEPRECATED_OBJC_IMPLEMENTATIONS = YES;
				CLANG_WARN_DIRECT_OBJC_ISA_USAGE = YES_ERROR;
				CLANG_WARN_DOCUMENTATION_COMMENTS = YES;
				CLANG_WARN_EMPTY_BODY = YES;
				CLANG_WARN_ENUM_CONVERSION = YES;
				CLANG_WARN_INFINITE_RECURSION = YES;
				CLANG_WARN_INT_CONVERSION = YES;
				CLANG_WARN_NON_LITERAL_NULL_CONVERSION = YES;
				CLANG_WARN_OBJC_IMPLICIT_RETAIN_SELF = YES;
				CLANG_WARN_OBJC_LITERAL_CONVERSION = YES;
				CLANG_WARN_OBJC_ROOT_CLASS = YES_ERROR;
				CLANG_WARN_QUOTED_INCLUDE_IN_FRAMEWORK_HEADER = YES;
				CLANG_WARN_RANGE_LOOP_ANALYSIS = YES;
				CLANG_WARN_STRICT_PROTOTYPES = YES;
				CLANG_WARN_SUSPICIOUS_MOVE = YES;
				CLANG_WARN_UNREACHABLE_CODE = YES;
				CLANG_WARN__DUPLICATE_METHOD_MATCH = YES;
				CODE_SIGN_IDENTITY = "-";
				COPY_PHASE_STRIP = NO;
				DEBUG_INFORMATION_FORMAT = dwarf;
				ENABLE_STRICT_OBJC_MSGSEND = YES;
				ENABLE_TESTABILITY = YES;
				GCC_C_LANGUAGE_STANDARD = gnu99;
				GCC_DYNAMIC_NO_PIC = NO;
				GCC_NO_COMMON_BLOCKS = YES;
				GCC_OPTIMIZATION_LEVEL = 0;
				GCC_PREPROCESSOR_DEFINITIONS = (
					"DEBUG=1",
					"$(inherited)",
				);
				GCC_WARN_64_TO_32_BIT_CONVERSION = YES;
				GCC_WARN_ABOUT_RETURN_TYPE = YES_ERROR;
				GCC_WARN_UNDECLARED_SELECTOR = YES;
				GCC_WARN_UNINITIALIZED_AUTOS = YES_AGGRESSIVE;
				GCC_WARN_UNUSED_FUNCTION = YES;
				GCC_WARN_UNUSED_VARIABLE = YES;
				MACOSX_DEPLOYMENT_TARGET = 10.12;
				MTL_ENABLE_DEBUG_INFO = YES;
				ONLY_ACTIVE_ARCH = YES;
				SDKROOT = macosx;
				SWIFT_ACTIVE_COMPILATION_CONDITIONS = DEBUG;
				SWIFT_OPTIMIZATION_LEVEL = "-Onone";
				SWIFT_VERSION = 5.0;
			};
			name = Debug;
		};
		1F1AB2A31E666DA000171458 /* Release */ = {
			isa = XCBuildConfiguration;
			buildSettings = {
				ALWAYS_SEARCH_USER_PATHS = NO;
				CLANG_ANALYZER_LOCALIZABILITY_NONLOCALIZED = YES;
				CLANG_ANALYZER_NONNULL = YES;
				CLANG_CXX_LANGUAGE_STANDARD = "gnu++0x";
				CLANG_CXX_LIBRARY = "libc++";
				CLANG_ENABLE_MODULES = YES;
				CLANG_ENABLE_OBJC_ARC = YES;
				CLANG_WARN_BLOCK_CAPTURE_AUTORELEASING = YES;
				CLANG_WARN_BOOL_CONVERSION = YES;
				CLANG_WARN_COMMA = YES;
				CLANG_WARN_CONSTANT_CONVERSION = YES;
				CLANG_WARN_DEPRECATED_OBJC_IMPLEMENTATIONS = YES;
				CLANG_WARN_DIRECT_OBJC_ISA_USAGE = YES_ERROR;
				CLANG_WARN_DOCUMENTATION_COMMENTS = YES;
				CLANG_WARN_EMPTY_BODY = YES;
				CLANG_WARN_ENUM_CONVERSION = YES;
				CLANG_WARN_INFINITE_RECURSION = YES;
				CLANG_WARN_INT_CONVERSION = YES;
				CLANG_WARN_NON_LITERAL_NULL_CONVERSION = YES;
				CLANG_WARN_OBJC_IMPLICIT_RETAIN_SELF = YES;
				CLANG_WARN_OBJC_LITERAL_CONVERSION = YES;
				CLANG_WARN_OBJC_ROOT_CLASS = YES_ERROR;
				CLANG_WARN_QUOTED_INCLUDE_IN_FRAMEWORK_HEADER = YES;
				CLANG_WARN_RANGE_LOOP_ANALYSIS = YES;
				CLANG_WARN_STRICT_PROTOTYPES = YES;
				CLANG_WARN_SUSPICIOUS_MOVE = YES;
				CLANG_WARN_UNREACHABLE_CODE = YES;
				CLANG_WARN__DUPLICATE_METHOD_MATCH = YES;
				CODE_SIGN_IDENTITY = "-";
				COPY_PHASE_STRIP = NO;
				DEBUG_INFORMATION_FORMAT = "dwarf-with-dsym";
				ENABLE_NS_ASSERTIONS = NO;
				ENABLE_STRICT_OBJC_MSGSEND = YES;
				GCC_C_LANGUAGE_STANDARD = gnu99;
				GCC_NO_COMMON_BLOCKS = YES;
				GCC_WARN_64_TO_32_BIT_CONVERSION = YES;
				GCC_WARN_ABOUT_RETURN_TYPE = YES_ERROR;
				GCC_WARN_UNDECLARED_SELECTOR = YES;
				GCC_WARN_UNINITIALIZED_AUTOS = YES_AGGRESSIVE;
				GCC_WARN_UNUSED_FUNCTION = YES;
				GCC_WARN_UNUSED_VARIABLE = YES;
				MACOSX_DEPLOYMENT_TARGET = 10.12;
				MTL_ENABLE_DEBUG_INFO = NO;
				SDKROOT = macosx;
				SWIFT_OPTIMIZATION_LEVEL = "-Owholemodule";
				SWIFT_VERSION = 5.0;
			};
			name = Release;
		};
		1F1AB2A51E666DA000171458 /* Debug */ = {
			isa = XCBuildConfiguration;
			baseConfigurationReference = F9C9A81E32EF5EDE9CF0BDEB /* Pods-HostsToolForMac.debug.xcconfig */;
			buildSettings = {
				ASSETCATALOG_COMPILER_APPICON_NAME = AppIcon;
				CODE_SIGN_ENTITLEMENTS = HostsToolForMac/HostsToolForMac.entitlements;
				CODE_SIGN_IDENTITY = "-";
				COMBINE_HIDPI_IMAGES = YES;
				CURRENT_PROJECT_VERSION = 2.7.0;
				DEVELOPMENT_TEAM = 7823BJG877;
				INFOPLIST_FILE = HostsToolForMac/Info.plist;
				LD_RUNPATH_SEARCH_PATHS = "$(inherited) @executable_path/../Frameworks";
				MACOSX_DEPLOYMENT_TARGET = 10.12;
				MARKETING_VERSION = 2.7.0;
				PRODUCT_BUNDLE_IDENTIFIER = ZzzM.HostsToolForMac;
				PRODUCT_NAME = "$(TARGET_NAME)";
				SWIFT_VERSION = 5.0;
			};
			name = Debug;
		};
		1F1AB2A61E666DA000171458 /* Release */ = {
			isa = XCBuildConfiguration;
			baseConfigurationReference = 0B523D9EBF2E1DFF49704BB3 /* Pods-HostsToolForMac.release.xcconfig */;
			buildSettings = {
				ASSETCATALOG_COMPILER_APPICON_NAME = AppIcon;
				CODE_SIGN_ENTITLEMENTS = HostsToolForMac/HostsToolForMac.entitlements;
				CODE_SIGN_IDENTITY = "-";
				CODE_SIGN_STYLE = Manual;
				COMBINE_HIDPI_IMAGES = YES;
				CURRENT_PROJECT_VERSION = 2.7.0;
				DEVELOPMENT_TEAM = "";
				INFOPLIST_FILE = HostsToolForMac/Info.plist;
				LD_RUNPATH_SEARCH_PATHS = "$(inherited) @executable_path/../Frameworks";
				MACOSX_DEPLOYMENT_TARGET = 10.12;
				MARKETING_VERSION = 2.7.0;
				PRODUCT_BUNDLE_IDENTIFIER = zzzm.mac.hostTool;
				PRODUCT_NAME = "$(TARGET_NAME)";
				PROVISIONING_PROFILE_SPECIFIER = "";
				SWIFT_VERSION = 5.0;
			};
			name = Release;
		};
/* End XCBuildConfiguration section */

/* Begin XCConfigurationList section */
		1F1AB2921E666D9F00171458 /* Build configuration list for PBXProject "HostsToolForMac" */ = {
			isa = XCConfigurationList;
			buildConfigurations = (
				1F1AB2A21E666DA000171458 /* Debug */,
				1F1AB2A31E666DA000171458 /* Release */,
			);
			defaultConfigurationIsVisible = 0;
			defaultConfigurationName = Release;
		};
		1F1AB2A41E666DA000171458 /* Build configuration list for PBXNativeTarget "HostsToolForMac" */ = {
			isa = XCConfigurationList;
			buildConfigurations = (
				1F1AB2A51E666DA000171458 /* Debug */,
				1F1AB2A61E666DA000171458 /* Release */,
			);
			defaultConfigurationIsVisible = 0;
			defaultConfigurationName = Release;
		};
/* End XCConfigurationList section */
	};
	rootObject = 1F1AB28F1E666D9F00171458 /* Project object */;
}
