{
  "object": {
    "pins": [
      {
        "package": "Sparkle",
        "repositoryURL": "https://github.com/sparkle-project/Sparkle",
        "state": {
          "branch": "2.x",
          "revision": "0a152ed02d1262e9f645c0c2821ba535ee63fe48",
          "version": null
        }
      }
    ]
  },
  "version": 1
}
